
Microsoft Visual Studio Solution File, Format Version 12.00
# Visual Studio Version 16
VisualStudioVersion = 16.0.31321.278
MinimumVisualStudioVersion = 10.0.40219.1
Project("{FAE04EC0-301F-11D3-BF4B-00C04F79EFBC}") = "piedraPapelTijera", "piedraPapelTijera\piedraPapelTijera.csproj", "{A528D4E4-7A3F-4503-B7F3-3F2AC9D7BEBB}"
EndProject
Global
	GlobalSection(SolutionConfigurationPlatforms) = preSolution
		Debug|Any CPU = Debug|Any CPU
		Release|Any CPU = Release|Any CPU
	EndGlobalSection
	GlobalSection(ProjectConfigurationPlatforms) = postSolution
		{A528D4E4-7A3F-4503-B7F3-3F2AC9D7BEBB}.Debug|Any CPU.ActiveCfg = Debug|Any CPU
		{A528D4E4-7A3F-4503-B7F3-3F2AC9D7BEBB}.Debug|Any CPU.Build.0 = Debug|Any CPU
		{A528D4E4-7A3F-4503-B7F3-3F2AC9D7BEBB}.Release|Any CPU.ActiveCfg = Release|Any CPU
		{A528D4E4-7A3F-4503-B7F3-3F2AC9D7BEBB}.Release|Any CPU.Build.0 = Release|Any CPU
	EndGlobalSection
	GlobalSection(SolutionProperties) = preSolution
		HideSolutionNode = FALSE
	EndGlobalSection
	GlobalSection(ExtensibilityGlobals) = postSolution
		SolutionGuid = {99D6B786-C0A6-4132-87E0-6FD68664B77E}
	EndGlobalSection
EndGlobal
